PODS:
  - WonderPush (3.2.0):
    - WonderPush/Core (= 3.2.0)
  - WonderPush/Core (3.2.0)
  - WonderPushExtension (3.2.0):
    - WonderPushExtension/Extension (= 3.2.0)
  - WonderPushExtension/Extension (3.2.0)

DEPENDENCIES:
  - WonderPush (~> 3.0)
  - WonderPushExtension (~> 3.0)

SPEC REPOS:
  trunk:
    - WonderPush
    - WonderPushExtension

SPEC CHECKSUMS:
  WonderPush: 48055a92bce4d7f06f139422925a808e943ea636
  WonderPushExtension: 538fbe8b137c6b06ce236377c7f733fcf1403475

PODFILE CHECKSUM: 878f9aec95caa7bae9a7e91a64e72fdd66ce838a

COCOAPODS: 1.8.4
